
Microsoft Visual Studio Solution File, Format Version 12.00
Project("{FAE04EC0-301F-11D3-BF4B-00C04F79EFBC}") = "Gateway.API", "Gateway.API\Gateway.API.csproj", "{32B0E593-2450-44FB-84E6-F33ADD267295}"
EndProject
Project("{2150E333-8FDC-42A3-9474-1A3956D46DE8}") = "Tests", "Tests", "{CBB98C2B-0330-462D-94D5-B8BDD708B4EC}"
EndProject
Project("{FAE04EC0-301F-11D3-BF4B-00C04F79EFBC}") = "Gateway.Domain.Tests", "Gateway.Domain.Tests\Gateway.Domain.Tests.csproj", "{D2872370-CA29-4B9B-A1A4-4681E13F0B15}"
EndProject
Project("{FAE04EC0-301F-11D3-BF4B-00C04F79EFBC}") = "Gateway.Domain", "Gateway.Domain\Gateway.Domain.csproj", "{8CA630A4-65CC-4CA0-BA10-72603A2C1BFF}"
EndProject
Global
	GlobalSection(SolutionConfigurationPlatforms) = preSolution
		Debug|Any CPU = Debug|Any CPU
		Release|Any CPU = Release|Any CPU
	EndGlobalSection
	GlobalSection(ProjectConfigurationPlatforms) = postSolution
		{32B0E593-2450-44FB-84E6-F33ADD267295}.Debug|Any CPU.ActiveCfg = Debug|Any CPU
		{32B0E593-2450-44FB-84E6-F33ADD267295}.Debug|Any CPU.Build.0 = Debug|Any CPU
		{32B0E593-2450-44FB-84E6-F33ADD267295}.Release|Any CPU.ActiveCfg = Release|Any CPU
		{32B0E593-2450-44FB-84E6-F33ADD267295}.Release|Any CPU.Build.0 = Release|Any CPU
		{D2872370-CA29-4B9B-A1A4-4681E13F0B15}.Debug|Any CPU.ActiveCfg = Debug|Any CPU
		{D2872370-CA29-4B9B-A1A4-4681E13F0B15}.Debug|Any CPU.Build.0 = Debug|Any CPU
		{D2872370-CA29-4B9B-A1A4-4681E13F0B15}.Release|Any CPU.ActiveCfg = Release|Any CPU
		{D2872370-CA29-4B9B-A1A4-4681E13F0B15}.Release|Any CPU.Build.0 = Release|Any CPU
		{8CA630A4-65CC-4CA0-BA10-72603A2C1BFF}.Debug|Any CPU.ActiveCfg = Debug|Any CPU
		{8CA630A4-65CC-4CA0-BA10-72603A2C1BFF}.Debug|Any CPU.Build.0 = Debug|Any CPU
		{8CA630A4-65CC-4CA0-BA10-72603A2C1BFF}.Release|Any CPU.ActiveCfg = Release|Any CPU
		{8CA630A4-65CC-4CA0-BA10-72603A2C1BFF}.Release|Any CPU.Build.0 = Release|Any CPU
	EndGlobalSection
	GlobalSection(NestedProjects) = preSolution
		{D2872370-CA29-4B9B-A1A4-4681E13F0B15} = {CBB98C2B-0330-462D-94D5-B8BDD708B4EC}
	EndGlobalSection
EndGlobal
